
Microsoft Visual Studio Solution File, Format Version 12.00
# Visual Studio Version 17
VisualStudioVersion = 17.14.36518.9 d17.14
MinimumVisualStudioVersion = 10.0.40219.1
Project("{FAE04EC0-301F-11D3-BF4B-00C04F79EFBC}") = "databaseApp", "databaseApp.csproj", "{2BBE868E-6573-4985-A840-7A78A8EA454B}"
EndProject
Global
	GlobalSection(SolutionConfigurationPlatforms) = preSolution
		Debug|Any CPU = Debug|Any CPU
		Release|Any CPU = Release|Any CPU
	EndGlobalSection
	GlobalSection(ProjectConfigurationPlatforms) = postSolution
		{2BBE868E-6573-4985-A840-7A78A8EA454B}.Debug|Any CPU.ActiveCfg = Debug|Any CPU
		{2BBE868E-6573-4985-A840-7A78A8EA454B}.Debug|Any CPU.Build.0 = Debug|Any CPU
		{2BBE868E-6573-4985-A840-7A78A8EA454B}.Release|Any CPU.ActiveCfg = Release|Any CPU
		{2BBE868E-6573-4985-A840-7A78A8EA454B}.Release|Any CPU.Build.0 = Release|Any CPU
	EndGlobalSection
	GlobalSection(SolutionProperties) = preSolution
		HideSolutionNode = FALSE
	EndGlobalSection
	GlobalSection(ExtensibilityGlobals) = postSolution
		SolutionGuid = {1B1BBB6B-1B4E-45DE-BA9C-555691712F73}
	EndGlobalSection
EndGlobal
